
Microsoft Visual Studio Solution File, Format Version 12.00
# Visual Studio Version 17
VisualStudioVersion = 17.11.35208.52
MinimumVisualStudioVersion = 10.0.40219.1
Project("{6EC3EE1D-3C4E-46DD-8F32-0CC8E7565705}") = "Simple-Symbolics", "Simple-Symbolics\Simple-Symbolics.fsproj", "{8E63DD48-99B0-4369-B912-F6368D8C18A4}"
EndProject
Project("{6EC3EE1D-3C4E-46DD-8F32-0CC8E7565705}") = "commandline-calc", "commandline-calc\commandline-calc.fsproj", "{6C5EF9D0-FF9B-4AFB-9FFE-656AAFFF58AE}"
EndProject
Project("{F2A71F9B-5D33-465A-A702-920D77279786}") = "mathlang-parsers", "mathlang-parsers\mathlang-parsers.fsproj", "{FABDB0A8-9FB0-47AD-A155-1A855C769D7F}"
EndProject
Global
	GlobalSection(SolutionConfigurationPlatforms) = preSolution
		Debug|Any CPU = Debug|Any CPU
		Release|Any CPU = Release|Any CPU
	EndGlobalSection
	GlobalSection(ProjectConfigurationPlatforms) = postSolution
		{8E63DD48-99B0-4369-B912-F6368D8C18A4}.Debug|Any CPU.ActiveCfg = Debug|Any CPU
		{8E63DD48-99B0-4369-B912-F6368D8C18A4}.Debug|Any CPU.Build.0 = Debug|Any CPU
		{8E63DD48-99B0-4369-B912-F6368D8C18A4}.Release|Any CPU.ActiveCfg = Release|Any CPU
		{8E63DD48-99B0-4369-B912-F6368D8C18A4}.Release|Any CPU.Build.0 = Release|Any CPU
		{6C5EF9D0-FF9B-4AFB-9FFE-656AAFFF58AE}.Debug|Any CPU.ActiveCfg = Debug|Any CPU
		{6C5EF9D0-FF9B-4AFB-9FFE-656AAFFF58AE}.Debug|Any CPU.Build.0 = Debug|Any CPU
		{6C5EF9D0-FF9B-4AFB-9FFE-656AAFFF58AE}.Release|Any CPU.ActiveCfg = Release|Any CPU
		{6C5EF9D0-FF9B-4AFB-9FFE-656AAFFF58AE}.Release|Any CPU.Build.0 = Release|Any CPU
		{FABDB0A8-9FB0-47AD-A155-1A855C769D7F}.Debug|Any CPU.ActiveCfg = Debug|Any CPU
		{FABDB0A8-9FB0-47AD-A155-1A855C769D7F}.Debug|Any CPU.Build.0 = Debug|Any CPU
		{FABDB0A8-9FB0-47AD-A155-1A855C769D7F}.Release|Any CPU.ActiveCfg = Release|Any CPU
		{FABDB0A8-9FB0-47AD-A155-1A855C769D7F}.Release|Any CPU.Build.0 = Release|Any CPU
	EndGlobalSection
	GlobalSection(SolutionProperties) = preSolution
		HideSolutionNode = FALSE
	EndGlobalSection
	GlobalSection(ExtensibilityGlobals) = postSolution
		SolutionGuid = {5B845A92-9A68-466E-B99F-FAEBD208487A}
	EndGlobalSection
EndGlobal
